# This file was autogenerated by Stack.
# You should not edit this file by hand.
# For more information, please see the documentation at:
#   https://docs.haskellstack.org/en/stable/lock_files

packages:
- completed:
    hackage: haskell-say-1.0.0.0@sha256:654ed7ff571d62fb03dfda576aa0a89410fe403b0d84695b5151e3d026f33099,1330
    pantry-tree:
      sha256: 9082066dbdb98dfc3c988c2ad96ee05a6469e94644985f29b305f50a30b7da3c
      size: 362
  original:
    hackage: haskell-say-1.0.0.0@sha256:654ed7ff571d62fb03dfda576aa0a89410fe403b0d84695b5151e3d026f33099,1330
- completed:
    hackage: mtl-2.2.2@sha256:1050fb71acd9f5d67da7d992583f5bd0eb14407b9dc7acc122af1b738b706ca3,2261
    pantry-tree:
      sha256: b8bdc2259e2f943a7252fb164805666fe108ac959d398e0af27b43ba2ebc241c
      size: 1713
  original:
    hackage: mtl-2.2.2
- completed:
    hackage: mongoDB-2.7.0.0@sha256:60818502a764bbe03a1ba9f051acaf9e8285c52625ce3d3fc89657c015820252,5215
    pantry-tree:
      sha256: 8a1d5ba59dcbf04f0efef27c019ec37dc67e14c95deb284c7588712d0aacb459
      size: 1186
  original:
    hackage: mongoDB-2.7.0.0
- completed:
    hackage: xml-1.3.14@sha256:c7a33d37c968c769723931a33e4e795f0aadda6cb62e7073ded8a2db52509d95,952
    pantry-tree:
      sha256: 3be66e5958684b1a2f9cf688a32a2eac785413098afe7472717ba7c0ed3a295a
      size: 589
  original:
    hackage: xml-1.3.14
- completed:
    hackage: text-1.2.4.0@sha256:8c24450feb8e3bbb7ea3e17af24ef57e85db077c4bf53e5bcc345b283d1b1d5b,10081
    pantry-tree:
      sha256: 3437b0a73ce2ae1a81aa8b3438d41a85981c00894cdbee0d6d6d6873046a5d5d
      size: 7457
  original:
    hackage: text-1.2.4.0
- completed:
    hackage: bytestring-0.10.8.2@sha256:8d9d06eebc99c400487de22404fc20059d7889845c13d6a65cae9140174811bf,8938
    pantry-tree:
      sha256: b7070ca41bad14282eb0ea95e15f318eeb2fc5ccf8450d81b965c840a6e862d9
      size: 2788
  original:
    hackage: bytestring-0.10.8.2
- completed:
    hackage: process-1.6.6.0@sha256:e5efd14b980668ed34e426f4bee3c4ad19d089b748b440f6b3823c673c2d7b78,2576
    pantry-tree:
      sha256: 9bedc5518fd8c4495941383c795019cd7788ccd87c0a4ec562d8b6166b19b429
      size: 1211
  original:
    hackage: process-1.6.6.0
snapshots:
- completed:
    sha256: 341870ac98d8a9f8f77c4adf2e9e0b22063e264a7fbeb4c85b7af5f380dac60e
    size: 527836
    url: https://raw.githubusercontent.com/commercialhaskell/stackage-snapshots/master/lts/11/22.yaml
  original: lts-11.22
